// !$*UTF8*$!
{
	archiveVersion = 1;
	classes = {
	};
	objectVersion = 48;
	objects = {

/* Begin PBXBuildFile section */
		D850C7872025C6810006FBA3 /* AnimalCollectionViewCell.swift in Sources */ = {isa = PBXBuildFile; fileRef = D850C7862025C6810006FBA3 /* AnimalCollectionViewCell.swift */; };
		D87CCB702025CE9900755AAA /* AnimalViewController.swift in Sources */ = {isa = PBXBuildFile; fileRef = D87CCB6F2025CE9900755AAA /* AnimalViewController.swift */; };
		D8D094AF20248A1D0073C46E /* AppDelegate.swift in Sources */ = {isa = PBXBuildFile; fileRef = D8D094AE20248A1D0073C46E /* AppDelegate.swift */; };
		D8D094B120248A1D0073C46E /* CollectionViewController.swift in Sources */ = {isa = PBXBuildFile; fileRef = D8D094B020248A1D0073C46E /* CollectionViewController.swift */; };
		D8D094B420248A1D0073C46E /* Main.storyboard in Resources */ = {isa = PBXBuildFile; fileRef = D8D094B220248A1D0073C46E /* Main.storyboard */; };
		D8D094B620248A1D0073C46E /* Assets.xcassets in Resources */ = {isa = PBXBuildFile; fileRef = D8D094B520248A1D0073C46E /* Assets.xcassets */; };
		D8D094B920248A1D0073C46E /* LaunchScreen.storyboard in Resources */ = {isa = PBXBuildFile; fileRef = D8D094B720248A1D0073C46E /* LaunchScreen.storyboard */; };
		D8D094C22025B7F00073C46E /* Animal.swift in Sources */ = {isa = PBXBuildFile; fileRef = D8D094C12025B7F00073C46E /* Animal.swift */; };
		D8D094C42025B9A60073C46E /* AudioPlayer.swift in Sources */ = {isa = PBXBuildFile; fileRef = D8D094C32025B9A60073C46E /* AudioPlayer.swift */; };
		D8D094C72025B9F70073C46E /* AVFoundation.framework in Frameworks */ = {isa = PBXBuildFile; fileRef = D8D094C62025B9F70073C46E /* AVFoundation.framework */; };
/* End PBXBuildFile section */

/* Begin PBXFileReference section */
		D850C7862025C6810006FBA3 /* AnimalCollectionViewCell.swift */ = {isa = PBXFileReference; lastKnownFileType = sourcecode.swift; path = AnimalCollectionViewCell.swift; sourceTree = "<group>"; };
		D87CCB6F2025CE9900755AAA /* AnimalViewController.swift */ = {isa = PBXFileReference; lastKnownFileType = sourcecode.swift; path = AnimalViewController.swift; sourceTree = "<group>"; };
		D8D094AB20248A1D0073C46E /* Animals and Sounds.app */ = {isa = PBXFileReference; explicitFileType = wrapper.application; includeInIndex = 0; path = "Animals and Sounds.app"; sourceTree = BUILT_PRODUCTS_DIR; };
		D8D094AE20248A1D0073C46E /* AppDelegate.swift */ = {isa = PBXFileReference; lastKnownFileType = sourcecode.swift; path = AppDelegate.swift; sourceTree = "<group>"; };
		D8D094B020248A1D0073C46E /* CollectionViewController.swift */ = {isa = PBXFileReference; lastKnownFileType = sourcecode.swift; path = CollectionViewController.swift; sourceTree = "<group>"; };
		D8D094B320248A1D0073C46E /* Base */ = {isa = PBXFileReference; lastKnownFileType = file.storyboard; name = Base; path = Base.lproj/Main.storyboard; sourceTree = "<group>"; };
		D8D094B520248A1D0073C46E /* Assets.xcassets */ = {isa = PBXFileReference; lastKnownFileType = folder.assetcatalog; path = Assets.xcassets; sourceTree = "<group>"; };
		D8D094B820248A1D0073C46E /* Base */ = {isa = PBXFileReference; lastKnownFileType = file.storyboard; name = Base; path = Base.lproj/LaunchScreen.storyboard; sourceTree = "<group>"; };
		D8D094BA20248A1D0073C46E /* Info.plist */ = {isa = PBXFileReference; lastKnownFileType = text.plist.xml; path = Info.plist; sourceTree = "<group>"; };
		D8D094C12025B7F00073C46E /* Animal.swift */ = {isa = PBXFileReference; lastKnownFileType = sourcecode.swift; path = Animal.swift; sourceTree = "<group>"; };
		D8D094C32025B9A60073C46E /* AudioPlayer.swift */ = {isa = PBXFileReference; lastKnownFileType = sourcecode.swift; name = AudioPlayer.swift; path = "Animals and Sounds/Helper/AudioPlayer.swift"; sourceTree = SOURCE_ROOT; };
		D8D094C62025B9F70073C46E /* AVFoundation.framework */ = {isa = PBXFileReference; lastKnownFileType = wrapper.framework; name = AVFoundation.framework; path = System/Library/Frameworks/AVFoundation.framework; sourceTree = SDKROOT; };
/* End PBXFileReference section */

/* Begin PBXFrameworksBuildPhase section */
		D8D094A820248A1D0073C46E /* Frameworks */ = {
			isa = PBXFrameworksBuildPhase;
			buildActionMask = 2147483647;
			files = (
				D8D094C72025B9F70073C46E /* AVFoundation.framework in Frameworks */,
			);
			runOnlyForDeploymentPostprocessing = 0;
		};
/* End PBXFrameworksBuildPhase section */

/* Begin PBXGroup section */
		D8D094A220248A1D0073C46E = {
			isa = PBXGroup;
			children = (
				D8D094AD20248A1D0073C46E /* Animals and Sounds */,
				D8D094AC20248A1D0073C46E /* Products */,
				D8D094C52025B9F60073C46E /* Frameworks */,
			);
			sourceTree = "<group>";
		};
		D8D094AC20248A1D0073C46E /* Products */ = {
			isa = PBXGroup;
			children = (
				D8D094AB20248A1D0073C46E /* Animals and Sounds.app */,
			);
			name = Products;
			sourceTree = "<group>";
		};
		D8D094AD20248A1D0073C46E /* Animals and Sounds */ = {
			isa = PBXGroup;
			children = (
				D8E25FB520285ACC00DE50A5 /* Controller */,
				D8E25FB420285AC300DE50A5 /* Helper */,
				D8E25FB320285AAB00DE50A5 /* View */,
				D8D094C02025B7C10073C46E /* Model */,
				D8D094AE20248A1D0073C46E /* AppDelegate.swift */,
				D8D094B220248A1D0073C46E /* Main.storyboard */,
				D8D094B520248A1D0073C46E /* Assets.xcassets */,
				D8D094B720248A1D0073C46E /* LaunchScreen.storyboard */,
				D8D094BA20248A1D0073C46E /* Info.plist */,
			);
			path = "Animals and Sounds";
			sourceTree = "<group>";
		};
		D8D094C02025B7C10073C46E /* Model */ = {
			isa = PBXGroup;
			children = (
				D8D094C12025B7F00073C46E /* Animal.swift */,
			);
			path = Model;
			sourceTree = "<group>";
		};
		D8D094C52025B9F60073C46E /* Frameworks */ = {
			isa = PBXGroup;
			children = (
				D8D094C62025B9F70073C46E /* AVFoundation.framework */,
			);
			name = Frameworks;
			sourceTree = "<group>";
		};
		D8E25FB320285AAB00DE50A5 /* View */ = {
			isa = PBXGroup;
			children = (
				D850C7862025C6810006FBA3 /* AnimalCollectionViewCell.swift */,
			);
			path = View;
			sourceTree = "<group>";
		};
		D8E25FB420285AC300DE50A5 /* Helper */ = {
			isa = PBXGroup;
			children = (
				D8D094C32025B9A60073C46E /* AudioPlayer.swift */,
			);
			path = Helper;
			sourceTree = "<group>";
		};
		D8E25FB520285ACC00DE50A5 /* Controller */ = {
			isa = PBXGroup;
			children = (
				D87CCB6F2025CE9900755AAA /* AnimalViewController.swift */,
				D8D094B020248A1D0073C46E /* CollectionViewController.swift */,
			);
			path = Controller;
			sourceTree = "<group>";
		};
/* End PBXGroup section */

/* Begin PBXNativeTarget section */
		D8D094AA20248A1D0073C46E /* Animals and Sounds */ = {
			isa = PBXNativeTarget;
			buildConfigurationList = D8D094BD20248A1D0073C46E /* Build configuration list for PBXNativeTarget "Animals and Sounds" */;
			buildPhases = (
				D8D094A720248A1D0073C46E /* Sources */,
				D8D094A820248A1D0073C46E /* Frameworks */,
				D8D094A920248A1D0073C46E /* Resources */,
			);
			buildRules = (
			);
			dependencies = (
			);
			name = "Animals and Sounds";
			productName = "Animals and Sounds";
			productReference = D8D094AB20248A1D0073C46E /* Animals and Sounds.app */;
			productType = "com.apple.product-type.application";
		};
/* End PBXNativeTarget section */

/* Begin PBXProject section */
		D8D094A320248A1D0073C46E /* Project object */ = {
			isa = PBXProject;
			attributes = {
				LastSwiftUpdateCheck = 0920;
				LastUpgradeCheck = 0920;
				ORGANIZATIONNAME = Ingi;
				TargetAttributes = {
					D8D094AA20248A1D0073C46E = {
						CreatedOnToolsVersion = 9.2;
						ProvisioningStyle = Automatic;
					};
				};
			};
			buildConfigurationList = D8D094A620248A1D0073C46E /* Build configuration list for PBXProject "Animals and Sounds" */;
			compatibilityVersion = "Xcode 8.0";
			developmentRegion = en;
			hasScannedForEncodings = 0;
			knownRegions = (
				en,
				Base,
			);
			mainGroup = D8D094A220248A1D0073C46E;
			productRefGroup = D8D094AC20248A1D0073C46E /* Products */;
			projectDirPath = "";
			projectRoot = "";
			targets = (
				D8D094AA20248A1D0073C46E /* Animals and Sounds */,
			);
		};
/* End PBXProject section */

/* Begin PBXResourcesBuildPhase section */
		D8D094A920248A1D0073C46E /* Resources */ = {
			isa = PBXResourcesBuildPhase;
			buildActionMask = 2147483647;
			files = (
				D8D094B920248A1D0073C46E /* LaunchScreen.storyboard in Resources */,
				D8D094B620248A1D0073C46E /* Assets.xcassets in Resources */,
				D8D094B420248A1D0073C46E /* Main.storyboard in Resources */,
			);
			runOnlyForDeploymentPostprocessing = 0;
		};
/* End PBXResourcesBuildPhase section */

/* Begin PBXSourcesBuildPhase section */
		D8D094A720248A1D0073C46E /* Sources */ = {
			isa = PBXSourcesBuildPhase;
			buildActionMask = 2147483647;
			files = (
				D8D094B120248A1D0073C46E /* CollectionViewController.swift in Sources */,
				D8D094AF20248A1D0073C46E /* AppDelegate.swift in Sources */,
				D8D094C22025B7F00073C46E /* Animal.swift in Sources */,
				D8D094C42025B9A60073C46E /* AudioPlayer.swift in Sources */,
				D87CCB702025CE9900755AAA /* AnimalViewController.swift in Sources */,
				D850C7872025C6810006FBA3 /* AnimalCollectionViewCell.swift in Sources */,
			);
			runOnlyForDeploymentPostprocessing = 0;
		};
/* End PBXSourcesBuildPhase section */

/* Begin PBXVariantGroup section */
		D8D094B220248A1D0073C46E /* Main.storyboard */ = {
			isa = PBXVariantGroup;
			children = (
				D8D094B320248A1D0073C46E /* Base */,
			);
			name = Main.storyboard;
			sourceTree = "<group>";
		};
		D8D094B720248A1D0073C46E /* LaunchScreen.storyboard */ = {
			isa = PBXVariantGroup;
			children = (
				D8D094B820248A1D0073C46E /* Base */,
			);
			name = LaunchScreen.storyboard;
			sourceTree = "<group>";
		};
/* End PBXVariantGroup section */

/* Begin XCBuildConfiguration section */
		D8D094BB20248A1D0073C46E /* Debug */ = {
			isa = XCBuildConfiguration;
			buildSettings = {
				ALWAYS_SEARCH_USER_PATHS = NO;
				CLANG_ANALYZER_NONNULL = YES;
				CLANG_ANALYZER_NUMBER_OBJECT_CONVERSION = YES_AGGRESSIVE;
				CLANG_CXX_LANGUAGE_STANDARD = "gnu++14";
				CLANG_CXX_LIBRARY = "libc++";
				CLANG_ENABLE_MODULES = YES;
				CLANG_ENABLE_OBJC_ARC = YES;
				CLANG_WARN_BLOCK_CAPTURE_AUTORELEASING = YES;
				CLANG_WARN_BOOL_CONVERSION = YES;
				CLANG_WARN_COMMA = YES;
				CLANG_WARN_CONSTANT_CONVERSION = YES;
				CLANG_WARN_DIRECT_OBJC_ISA_USAGE = YES_ERROR;
				CLANG_WARN_DOCUMENTATION_COMMENTS = YES;
				CLANG_WARN_EMPTY_BODY = YES;
				CLANG_WARN_ENUM_CONVERSION = YES;
				CLANG_WARN_INFINITE_RECURSION = YES;
				CLANG_WARN_INT_CONVERSION = YES;
				CLANG_WARN_NON_LITERAL_NULL_CONVERSION = YES;
				CLANG_WARN_OBJC_LITERAL_CONVERSION = YES;
				CLANG_WARN_OBJC_ROOT_CLASS = YES_ERROR;
				CLANG_WARN_RANGE_LOOP_ANALYSIS = YES;
				CLANG_WARN_STRICT_PROTOTYPES = YES;
				CLANG_WARN_SUSPICIOUS_MOVE = YES;
				CLANG_WARN_UNGUARDED_AVAILABILITY = YES_AGGRESSIVE;
				CLANG_WARN_UNREACHABLE_CODE = YES;
				CLANG_WARN__DUPLICATE_METHOD_MATCH = YES;
				CODE_SIGN_IDENTITY = "iPhone Developer";
				COPY_PHASE_STRIP = NO;
				DEBUG_INFORMATION_FORMAT = dwarf;
				ENABLE_STRICT_OBJC_MSGSEND = YES;
				ENABLE_TESTABILITY = YES;
				GCC_C_LANGUAGE_STANDARD = gnu11;
				GCC_DYNAMIC_NO_PIC = NO;
				GCC_NO_COMMON_BLOCKS = YES;
				GCC_OPTIMIZATION_LEVEL = 0;
				GCC_PREPROCESSOR_DEFINITIONS = (
					"DEBUG=1",
					"$(inherited)",
				);
				GCC_WARN_64_TO_32_BIT_CONVERSION = YES;
				GCC_WARN_ABOUT_RETURN_TYPE = YES_ERROR;
				GCC_WARN_UNDECLARED_SELECTOR = YES;
				GCC_WARN_UNINITIALIZED_AUTOS = YES_AGGRESSIVE;
				GCC_WARN_UNUSED_FUNCTION = YES;
				GCC_WARN_UNUSED_VARIABLE = YES;
				IPHONEOS_DEPLOYMENT_TARGET = 11.2;
				MTL_ENABLE_DEBUG_INFO = YES;
				ONLY_ACTIVE_ARCH = YES;
				SDKROOT = iphoneos;
				SWIFT_ACTIVE_COMPILATION_CONDITIONS = DEBUG;
				SWIFT_OPTIMIZATION_LEVEL = "-Onone";
			};
			name = Debug;
		};
		D8D094BC20248A1D0073C46E /* Release */ = {
			isa = XCBuildConfiguration;
			buildSettings = {
				ALWAYS_SEARCH_USER_PATHS = NO;
				CLANG_ANALYZER_NONNULL = YES;
				CLANG_ANALYZER_NUMBER_OBJECT_CONVERSION = YES_AGGRESSIVE;
				CLANG_CXX_LANGUAGE_STANDARD = "gnu++14";
				CLANG_CXX_LIBRARY = "libc++";
				CLANG_ENABLE_MODULES = YES;
				CLANG_ENABLE_OBJC_ARC = YES;
				CLANG_WARN_BLOCK_CAPTURE_AUTORELEASING = YES;
				CLANG_WARN_BOOL_CONVERSION = YES;
				CLANG_WARN_COMMA = YES;
				CLANG_WARN_CONSTANT_CONVERSION = YES;
				CLANG_WARN_DIRECT_OBJC_ISA_USAGE = YES_ERROR;
				CLANG_WARN_DOCUMENTATION_COMMENTS = YES;
				CLANG_WARN_EMPTY_BODY = YES;
				CLANG_WARN_ENUM_CONVERSION = YES;
				CLANG_WARN_INFINITE_RECURSION = YES;
				CLANG_WARN_INT_CONVERSION = YES;
				CLANG_WARN_NON_LITERAL_NULL_CONVERSION = YES;
				CLANG_WARN_OBJC_LITERAL_CONVERSION = YES;
				CLANG_WARN_OBJC_ROOT_CLASS = YES_ERROR;
				CLANG_WARN_RANGE_LOOP_ANALYSIS = YES;
				CLANG_WARN_STRICT_PROTOTYPES = YES;
				CLANG_WARN_SUSPICIOUS_MOVE = YES;
				CLANG_WARN_UNGUARDED_AVAILABILITY = YES_AGGRESSIVE;
				CLANG_WARN_UNREACHABLE_CODE = YES;
				CLANG_WARN__DUPLICATE_METHOD_MATCH = YES;
				CODE_SIGN_IDENTITY = "iPhone Developer";
				COPY_PHASE_STRIP = NO;
				DEBUG_INFORMATION_FORMAT = "dwarf-with-dsym";
				ENABLE_NS_ASSERTIONS = NO;
				ENABLE_STRICT_OBJC_MSGSEND = YES;
				GCC_C_LANGUAGE_STANDARD = gnu11;
				GCC_NO_COMMON_BLOCKS = YES;
				GCC_WARN_64_TO_32_BIT_CONVERSION = YES;
				GCC_WARN_ABOUT_RETURN_TYPE = YES_ERROR;
				GCC_WARN_UNDECLARED_SELECTOR = YES;
				GCC_WARN_UNINITIALIZED_AUTOS = YES_AGGRESSIVE;
				GCC_WARN_UNUSED_FUNCTION = YES;
				GCC_WARN_UNUSED_VARIABLE = YES;
				IPHONEOS_DEPLOYMENT_TARGET = 11.2;
				MTL_ENABLE_DEBUG_INFO = NO;
				SDKROOT = iphoneos;
				SWIFT_OPTIMIZATION_LEVEL = "-Owholemodule";
				VALIDATE_PRODUCT = YES;
			};
			name = Release;
		};
		D8D094BE20248A1D0073C46E /* Debug */ = {
			isa = XCBuildConfiguration;
			buildSettings = {
				ASSETCATALOG_COMPILER_APPICON_NAME = AppIcon;
				CODE_SIGN_STYLE = Automatic;
				DEVELOPMENT_TEAM = 32325SM62E;
				INFOPLIST_FILE = "Animals and Sounds/Info.plist";
				IPHONEOS_DEPLOYMENT_TARGET = 11.0;
				LD_RUNPATH_SEARCH_PATHS = "$(inherited) @executable_path/Frameworks";
				PRODUCT_BUNDLE_IDENTIFIER = dk.epsoftware.animalsandsounds;
				PRODUCT_NAME = "$(TARGET_NAME)";
				SWIFT_VERSION = 4.0;
				TARGETED_DEVICE_FAMILY = 2;
			};
			name = Debug;
		};
		D8D094BF20248A1D0073C46E /* Release */ = {
			isa = XCBuildConfiguration;
			buildSettings = {
				ASSETCATALOG_COMPILER_APPICON_NAME = AppIcon;
				CODE_SIGN_STYLE = Automatic;
				DEVELOPMENT_TEAM = 32325SM62E;
				INFOPLIST_FILE = "Animals and Sounds/Info.plist";
				IPHONEOS_DEPLOYMENT_TARGET = 11.0;
				LD_RUNPATH_SEARCH_PATHS = "$(inherited) @executable_path/Frameworks";
				PRODUCT_BUNDLE_IDENTIFIER = dk.epsoftware.animalsandsounds;
				PRODUCT_NAME = "$(TARGET_NAME)";
				SWIFT_VERSION = 4.0;
				TARGETED_DEVICE_FAMILY = 2;
			};
			name = Release;
		};
/* End XCBuildConfiguration section */

/* Begin XCConfigurationList section */
		D8D094A620248A1D0073C46E /* Build configuration list for PBXProject "Animals and Sounds" */ = {
			isa = XCConfigurationList;
			buildConfigurations = (
				D8D094BB20248A1D0073C46E /* Debug */,
				D8D094BC20248A1D0073C46E /* Release */,
			);
			defaultConfigurationIsVisible = 0;
			defaultConfigurationName = Release;
		};
		D8D094BD20248A1D0073C46E /* Build configuration list for PBXNativeTarget "Animals and Sounds" */ = {
			isa = XCConfigurationList;
			buildConfigurations = (
				D8D094BE20248A1D0073C46E /* Debug */,
				D8D094BF20248A1D0073C46E /* Release */,
			);
			defaultConfigurationIsVisible = 0;
			defaultConfigurationName = Release;
		};
/* End XCConfigurationList section */
	};
	rootObject = D8D094A320248A1D0073C46E /* Project object */;
}
